
Microsoft Visual Studio Solution File, Format Version 12.00
# Visual Studio Version 17
VisualStudioVersion = 17.7.34024.191
MinimumVisualStudioVersion = 10.0.40219.1
Project("{9A19103F-16F7-4668-BE54-9A1E7A4F7556}") = "ContosoPizza", "ContosoPizza\ContosoPizza.csproj", "{98833444-3637-45FB-A117-8922880D3346}"
EndProject
Project("{9A19103F-16F7-4668-BE54-9A1E7A4F7556}") = "ContosoPizza.Tests", "ContosoPizza.Tests\ContosoPizza.Tests.csproj", "{01C4215E-1A7D-4744-AB8F-BC427FCEC06E}"
EndProject
Project("{FAE04EC0-301F-11D3-BF4B-00C04F79EFBC}") = "WebApiClient", "WebApiClient\WebApiClient.csproj", "{F7FFA685-DCB1-4B30-8B8C-3D16EAF4EAED}"
EndProject
Global
	GlobalSection(SolutionConfigurationPlatforms) = preSolution
		Debug|Any CPU = Debug|Any CPU
		Release|Any CPU = Release|Any CPU
	EndGlobalSection
	GlobalSection(ProjectConfigurationPlatforms) = postSolution
		{98833444-3637-45FB-A117-8922880D3346}.Debug|Any CPU.ActiveCfg = Debug|Any CPU
		{98833444-3637-45FB-A117-8922880D3346}.Debug|Any CPU.Build.0 = Debug|Any CPU
		{98833444-3637-45FB-A117-8922880D3346}.Release|Any CPU.ActiveCfg = Release|Any CPU
		{98833444-3637-45FB-A117-8922880D3346}.Release|Any CPU.Build.0 = Release|Any CPU
		{01C4215E-1A7D-4744-AB8F-BC427FCEC06E}.Debug|Any CPU.ActiveCfg = Debug|Any CPU
		{01C4215E-1A7D-4744-AB8F-BC427FCEC06E}.Debug|Any CPU.Build.0 = Debug|Any CPU
		{01C4215E-1A7D-4744-AB8F-BC427FCEC06E}.Release|Any CPU.ActiveCfg = Release|Any CPU
		{01C4215E-1A7D-4744-AB8F-BC427FCEC06E}.Release|Any CPU.Build.0 = Release|Any CPU
		{F7FFA685-DCB1-4B30-8B8C-3D16EAF4EAED}.Debug|Any CPU.ActiveCfg = Debug|Any CPU
		{F7FFA685-DCB1-4B30-8B8C-3D16EAF4EAED}.Debug|Any CPU.Build.0 = Debug|Any CPU
		{F7FFA685-DCB1-4B30-8B8C-3D16EAF4EAED}.Release|Any CPU.ActiveCfg = Release|Any CPU
		{F7FFA685-DCB1-4B30-8B8C-3D16EAF4EAED}.Release|Any CPU.Build.0 = Release|Any CPU
	EndGlobalSection
	GlobalSection(SolutionProperties) = preSolution
		HideSolutionNode = FALSE
	EndGlobalSection
	GlobalSection(ExtensibilityGlobals) = postSolution
		SolutionGuid = {0BC5D362-3B5F-4FD8-B13F-2802AFC57A0A}
	EndGlobalSection
EndGlobal
